
Microsoft Visual Studio Solution File, Format Version 12.00
# Visual Studio Version 17
VisualStudioVersion = 17.4.33027.239
MinimumVisualStudioVersion = 10.0.40219.1
Project("{FAE04EC0-301F-11D3-BF4B-00C04F79EFBC}") = "NullableWarningsIssue", "NullableWarningsIssue\NullableWarningsIssue.csproj", "{8992DA4C-50F0-4D98-BC77-1B9545A1F887}"
EndProject
Global
	GlobalSection(SolutionConfigurationPlatforms) = preSolution
		Debug|Any CPU = Debug|Any CPU
		Release|Any CPU = Release|Any CPU
	EndGlobalSection
	GlobalSection(ProjectConfigurationPlatforms) = postSolution
		{8992DA4C-50F0-4D98-BC77-1B9545A1F887}.Debug|Any CPU.ActiveCfg = Debug|Any CPU
		{8992DA4C-50F0-4D98-BC77-1B9545A1F887}.Debug|Any CPU.Build.0 = Debug|Any CPU
		{8992DA4C-50F0-4D98-BC77-1B9545A1F887}.Release|Any CPU.ActiveCfg = Release|Any CPU
		{8992DA4C-50F0-4D98-BC77-1B9545A1F887}.Release|Any CPU.Build.0 = Release|Any CPU
	EndGlobalSection
	GlobalSection(SolutionProperties) = preSolution
		HideSolutionNode = FALSE
	EndGlobalSection
	GlobalSection(ExtensibilityGlobals) = postSolution
		SolutionGuid = {8FB1F7DA-6F04-4356-B58A-F53E13EBF5A2}
	EndGlobalSection
EndGlobal
